
Microsoft Visual Studio Solution File, Format Version 12.00
# Visual Studio Version 17
VisualStudioVersion = 17.10.35013.160
MinimumVisualStudioVersion = 10.0.40219.1
Project("{FAE04EC0-301F-11D3-BF4B-00C04F79EFBC}") = "ResturantCheckoutTests", "ResturantCheckoutTests\ResturantCheckoutTests.csproj", "{2AECD4CB-3BA5-5B12-9549-27B80ADC9774}"
EndProject
Global
	GlobalSection(SolutionConfigurationPlatforms) = preSolution
		Debug|Any CPU = Debug|Any CPU
		Release|Any CPU = Release|Any CPU
	EndGlobalSection
	GlobalSection(ProjectConfigurationPlatforms) = postSolution
		{2AECD4CB-3BA5-5B12-9549-27B80ADC9774}.Debug|Any CPU.ActiveCfg = Debug|Any CPU
		{2AECD4CB-3BA5-5B12-9549-27B80ADC9774}.Debug|Any CPU.Build.0 = Debug|Any CPU
		{2AECD4CB-3BA5-5B12-9549-27B80ADC9774}.Release|Any CPU.ActiveCfg = Release|Any CPU
		{2AECD4CB-3BA5-5B12-9549-27B80ADC9774}.Release|Any CPU.Build.0 = Release|Any CPU
	EndGlobalSection
	GlobalSection(SolutionProperties) = preSolution
		HideSolutionNode = FALSE
	EndGlobalSection
	GlobalSection(ExtensibilityGlobals) = postSolution
		SolutionGuid = {8E8F7348-91B5-4D01-B748-B9B4B78908A9}
	EndGlobalSection
EndGlobal
